
Microsoft Visual Studio Solution File, Format Version 12.00
# Visual Studio Version 17
VisualStudioVersion = 17.6.33815.320
MinimumVisualStudioVersion = 10.0.40219.1
Project("{FAE04EC0-301F-11D3-BF4B-00C04F79EFBC}") = "NPCInvWithLinq", "NPCInvWithLinq.csproj", "{D05AC944-F0A2-498A-8CD8-3CB2F7C114F7}"
EndProject
Global
	GlobalSection(SolutionConfigurationPlatforms) = preSolution
		Debug|Any CPU = Debug|Any CPU
		Release|Any CPU = Release|Any CPU
	EndGlobalSection
	GlobalSection(ProjectConfigurationPlatforms) = postSolution
		{D05AC944-F0A2-498A-8CD8-3CB2F7C114F7}.Debug|Any CPU.ActiveCfg = Debug|Any CPU
		{D05AC944-F0A2-498A-8CD8-3CB2F7C114F7}.Debug|Any CPU.Build.0 = Debug|Any CPU
		{D05AC944-F0A2-498A-8CD8-3CB2F7C114F7}.Release|Any CPU.ActiveCfg = Release|Any CPU
		{D05AC944-F0A2-498A-8CD8-3CB2F7C114F7}.Release|Any CPU.Build.0 = Release|Any CPU
	EndGlobalSection
	GlobalSection(SolutionProperties) = preSolution
		HideSolutionNode = FALSE
	EndGlobalSection
	GlobalSection(ExtensibilityGlobals) = postSolution
		SolutionGuid = {A190A932-37BD-4DEC-8E78-77B18F2E509D}
	EndGlobalSection
EndGlobal
